
Microsoft Visual Studio Solution File, Format Version 12.00
# Visual Studio Version 16
VisualStudioVersion = 16.0.30804.86
MinimumVisualStudioVersion = 10.0.40219.1
Project("{FAE04EC0-301F-11D3-BF4B-00C04F79EFBC}") = "Dailies", "Dailies.csproj", "{9FABA94D-8132-4E87-9582-E91554693EE1}"
EndProject
Global
	GlobalSection(SolutionConfigurationPlatforms) = preSolution
		Debug|x64 = Debug|x64
		Release|x64 = Release|x64
	EndGlobalSection
	GlobalSection(ProjectConfigurationPlatforms) = postSolution
		{9FABA94D-8132-4E87-9582-E91554693EE1}.Debug|x64.ActiveCfg = Debug|x64
		{9FABA94D-8132-4E87-9582-E91554693EE1}.Debug|x64.Build.0 = Debug|x64
		{9FABA94D-8132-4E87-9582-E91554693EE1}.Release|x64.ActiveCfg = Release|x64
		{9FABA94D-8132-4E87-9582-E91554693EE1}.Release|x64.Build.0 = Release|x64
	EndGlobalSection
	GlobalSection(SolutionProperties) = preSolution
		HideSolutionNode = FALSE
	EndGlobalSection
	GlobalSection(ExtensibilityGlobals) = postSolution
		SolutionGuid = {E6DC377E-83C3-4D82-BDAF-0CFA78DDEEAD}
	EndGlobalSection
EndGlobal
